PODS:
  - Flutter (1.0.0)
  - flutter_zxing (0.0.1):
    - Flutter
  - health (13.3.1):
    - Flutter
  - rive_common (0.0.1):
    - Flutter

DEPENDENCIES:
  - Flutter (from `Flutter`)
  - flutter_zxing (from `.symlinks/plugins/flutter_zxing/ios`)
  - health (from `.symlinks/plugins/health/ios`)
  - rive_common (from `.symlinks/plugins/rive_common/ios`)

EXTERNAL SOURCES:
  Flutter:
    :path: Flutter
  flutter_zxing:
    :path: ".symlinks/plugins/flutter_zxing/ios"
  health:
    :path: ".symlinks/plugins/health/ios"
  rive_common:
    :path: ".symlinks/plugins/rive_common/ios"

SPEC CHECKSUMS:
  Flutter: cabc95a1d2626b1b06e7179b784ebcf0c0cde467
  flutter_zxing: e8bcc43bd3056c70c271b732ed94e7a16fd62f93
  health: 4decf5d74e8f54c58a8c07a385fc72f629a831d9
  rive_common: dd421daaf9ae69f0125aa761dd96abd278399952

PODFILE CHECKSUM: 140d612345f5f5eda8a7ae30f1ccf4e0b07aced5

COCOAPODS: 1.16.2
